
Microsoft Visual Studio Solution File, Format Version 12.00
# Visual Studio 14
VisualStudioVersion = 14.0.23107.0
MinimumVisualStudioVersion = 10.0.40219.1
Project("{FAE04EC0-301F-11D3-BF4B-00C04F79EFBC}") = "TextBasedRPG", "Eureka\TextBasedRPG.csproj", "{3104FA68-F8B0-4A1A-99EC-1969B73ED1F9}"
EndProject
Global
	GlobalSection(SolutionConfigurationPlatforms) = preSolution
		Debug|x86 = Debug|x86
		Release|x86 = Release|x86
	EndGlobalSection
	GlobalSection(ProjectConfigurationPlatforms) = postSolution
		{3104FA68-F8B0-4A1A-99EC-1969B73ED1F9}.Debug|x86.ActiveCfg = Debug|x86
		{3104FA68-F8B0-4A1A-99EC-1969B73ED1F9}.Debug|x86.Build.0 = Debug|x86
		{3104FA68-F8B0-4A1A-99EC-1969B73ED1F9}.Release|x86.ActiveCfg = Release|x86
		{3104FA68-F8B0-4A1A-99EC-1969B73ED1F9}.Release|x86.Build.0 = Release|x86
	EndGlobalSection
	GlobalSection(SolutionProperties) = preSolution
		HideSolutionNode = FALSE
	EndGlobalSection
EndGlobal
